// !$*UTF8*$!
{
	archiveVersion = 1;
	classes = {
	};
	objectVersion = 46;
	objects = {

/* Begin PBXBuildFile section */
		2DF35D251EFF8A4900C610C5 /* AppDelegate.swift in Sources */ = {isa = PBXBuildFile; fileRef = 2DF35D241EFF8A4900C610C5 /* AppDelegate.swift */; };
		2DF35D2C1EFF8A4900C610C5 /* Assets.xcassets in Resources */ = {isa = PBXBuildFile; fileRef = 2DF35D2B1EFF8A4900C610C5 /* Assets.xcassets */; };
		2DF35D2F1EFF8A4900C610C5 /* LaunchScreen.storyboard in Resources */ = {isa = PBXBuildFile; fileRef = 2DF35D2D1EFF8A4900C610C5 /* LaunchScreen.storyboard */; };
		2DF35D3E1F00340C00C610C5 /* WeatherManager.swift in Sources */ = {isa = PBXBuildFile; fileRef = 2DF35D3D1F00340C00C610C5 /* WeatherManager.swift */; };
		2DF35D421F00347300C610C5 /* Dashboard.storyboard in Resources */ = {isa = PBXBuildFile; fileRef = 2DF35D411F00347300C610C5 /* Dashboard.storyboard */; };
		2DF35D441F0034A500C610C5 /* WeatherController.swift in Sources */ = {isa = PBXBuildFile; fileRef = 2DF35D431F0034A500C610C5 /* WeatherController.swift */; };
		2DF35D461F0034B200C610C5 /* WeatherForecastController.swift in Sources */ = {isa = PBXBuildFile; fileRef = 2DF35D451F0034B200C610C5 /* WeatherForecastController.swift */; };
		2DF35D481F00368D00C610C5 /* ServiceManager.swift in Sources */ = {isa = PBXBuildFile; fileRef = 2DF35D471F00368D00C610C5 /* ServiceManager.swift */; };
		2DF35D4A1F003A3000C610C5 /* Weather.swift in Sources */ = {isa = PBXBuildFile; fileRef = 2DF35D491F003A3000C610C5 /* Weather.swift */; };
		2DF35D4C1F003A3D00C610C5 /* Forecast.swift in Sources */ = {isa = PBXBuildFile; fileRef = 2DF35D4B1F003A3D00C610C5 /* Forecast.swift */; };
		3FE9CAEE28FC6C9D4C955818 /* Pods_OpenWeather.framework in Frameworks */ = {isa = PBXBuildFile; fileRef = 4FAAA0D5033D033054D92338 /* Pods_OpenWeather.framework */; };
/* End PBXBuildFile section */

/* Begin PBXFileReference section */
		0BD50F3D1FE9580B428D67AE /* Pods-OpenWeather.release.xcconfig */ = {isa = PBXFileReference; includeInIndex = 1; lastKnownFileType = text.xcconfig; name = "Pods-OpenWeather.release.xcconfig"; path = "Pods/Target Support Files/Pods-OpenWeather/Pods-OpenWeather.release.xcconfig"; sourceTree = "<group>"; };
		0D9147CFDC039639CE90BCFD /* Pods-OpenWeather.debug.xcconfig */ = {isa = PBXFileReference; includeInIndex = 1; lastKnownFileType = text.xcconfig; name = "Pods-OpenWeather.debug.xcconfig"; path = "Pods/Target Support Files/Pods-OpenWeather/Pods-OpenWeather.debug.xcconfig"; sourceTree = "<group>"; };
		2DF35D211EFF8A4900C610C5 /* OpenWeather.app */ = {isa = PBXFileReference; explicitFileType = wrapper.application; includeInIndex = 0; path = OpenWeather.app; sourceTree = BUILT_PRODUCTS_DIR; };
		2DF35D241EFF8A4900C610C5 /* AppDelegate.swift */ = {isa = PBXFileReference; lastKnownFileType = sourcecode.swift; path = AppDelegate.swift; sourceTree = "<group>"; };
		2DF35D2B1EFF8A4900C610C5 /* Assets.xcassets */ = {isa = PBXFileReference; lastKnownFileType = folder.assetcatalog; path = Assets.xcassets; sourceTree = "<group>"; };
		2DF35D2E1EFF8A4900C610C5 /* Base */ = {isa = PBXFileReference; lastKnownFileType = file.storyboard; name = Base; path = Base.lproj/LaunchScreen.storyboard; sourceTree = "<group>"; };
		2DF35D301EFF8A4900C610C5 /* Info.plist */ = {isa = PBXFileReference; lastKnownFileType = text.plist.xml; path = Info.plist; sourceTree = "<group>"; };
		2DF35D3D1F00340C00C610C5 /* WeatherManager.swift */ = {isa = PBXFileReference; fileEncoding = 4; lastKnownFileType = sourcecode.swift; path = WeatherManager.swift; sourceTree = "<group>"; };
		2DF35D411F00347300C610C5 /* Dashboard.storyboard */ = {isa = PBXFileReference; fileEncoding = 4; lastKnownFileType = file.storyboard; path = Dashboard.storyboard; sourceTree = "<group>"; };
		2DF35D431F0034A500C610C5 /* WeatherController.swift */ = {isa = PBXFileReference; fileEncoding = 4; lastKnownFileType = sourcecode.swift; path = WeatherController.swift; sourceTree = "<group>"; };
		2DF35D451F0034B200C610C5 /* WeatherForecastController.swift */ = {isa = PBXFileReference; fileEncoding = 4; lastKnownFileType = sourcecode.swift; path = WeatherForecastController.swift; sourceTree = "<group>"; };
		2DF35D471F00368D00C610C5 /* ServiceManager.swift */ = {isa = PBXFileReference; fileEncoding = 4; lastKnownFileType = sourcecode.swift; path = ServiceManager.swift; sourceTree = "<group>"; };
		2DF35D491F003A3000C610C5 /* Weather.swift */ = {isa = PBXFileReference; fileEncoding = 4; lastKnownFileType = sourcecode.swift; path = Weather.swift; sourceTree = "<group>"; };
		2DF35D4B1F003A3D00C610C5 /* Forecast.swift */ = {isa = PBXFileReference; fileEncoding = 4; lastKnownFileType = sourcecode.swift; path = Forecast.swift; sourceTree = "<group>"; };
		4FAAA0D5033D033054D92338 /* Pods_OpenWeather.framework */ = {isa = PBXFileReference; explicitFileType = wrapper.framework; includeInIndex = 0; path = Pods_OpenWeather.framework; sourceTree = BUILT_PRODUCTS_DIR; };
/* End PBXFileReference section */

/* Begin PBXFrameworksBuildPhase section */
		2DF35D1E1EFF8A4900C610C5 /* Frameworks */ = {
			isa = PBXFrameworksBuildPhase;
			buildActionMask = 2147483647;
			files = (
				3FE9CAEE28FC6C9D4C955818 /* Pods_OpenWeather.framework in Frameworks */,
			);
			runOnlyForDeploymentPostprocessing = 0;
		};
/* End PBXFrameworksBuildPhase section */

/* Begin PBXGroup section */
		09808129E1E7FC2B7358FE2B /* Frameworks */ = {
			isa = PBXGroup;
			children = (
				4FAAA0D5033D033054D92338 /* Pods_OpenWeather.framework */,
			);
			name = Frameworks;
			sourceTree = "<group>";
		};
		2DF35D181EFF8A4900C610C5 = {
			isa = PBXGroup;
			children = (
				2DF35D231EFF8A4900C610C5 /* OpenWeather */,
				2DF35D221EFF8A4900C610C5 /* Products */,
				CEAACD9300B3A6309CD20841 /* Pods */,
				09808129E1E7FC2B7358FE2B /* Frameworks */,
			);
			sourceTree = "<group>";
		};
		2DF35D221EFF8A4900C610C5 /* Products */ = {
			isa = PBXGroup;
			children = (
				2DF35D211EFF8A4900C610C5 /* OpenWeather.app */,
			);
			name = Products;
			sourceTree = "<group>";
		};
		2DF35D231EFF8A4900C610C5 /* OpenWeather */ = {
			isa = PBXGroup;
			children = (
				2DF35D2B1EFF8A4900C610C5 /* Assets.xcassets */,
				2DF35D361EFF92D700C610C5 /* Interface */,
				2DF35D371EFF92D700C610C5 /* Managers */,
				2DF35D381EFF92D700C610C5 /* Model */,
				2DF35D391EFF92D700C610C5 /* Utilities */,
				2DF35D3A1EFF930900C610C5 /* SupportingFiles */,
			);
			path = OpenWeather;
			sourceTree = "<group>";
		};
		2DF35D361EFF92D700C610C5 /* Interface */ = {
			isa = PBXGroup;
			children = (
				2DF35D411F00347300C610C5 /* Dashboard.storyboard */,
				2DF35D431F0034A500C610C5 /* WeatherController.swift */,
				2DF35D451F0034B200C610C5 /* WeatherForecastController.swift */,
			);
			path = Interface;
			sourceTree = "<group>";
		};
		2DF35D371EFF92D700C610C5 /* Managers */ = {
			isa = PBXGroup;
			children = (
				2DF35D3D1F00340C00C610C5 /* WeatherManager.swift */,
				2DF35D471F00368D00C610C5 /* ServiceManager.swift */,
			);
			path = Managers;
			sourceTree = "<group>";
		};
		2DF35D381EFF92D700C610C5 /* Model */ = {
			isa = PBXGroup;
			children = (
				2DF35D491F003A3000C610C5 /* Weather.swift */,
				2DF35D4B1F003A3D00C610C5 /* Forecast.swift */,
			);
			path = Model;
			sourceTree = "<group>";
		};
		2DF35D391EFF92D700C610C5 /* Utilities */ = {
			isa = PBXGroup;
			children = (
			);
			path = Utilities;
			sourceTree = "<group>";
		};
		2DF35D3A1EFF930900C610C5 /* SupportingFiles */ = {
			isa = PBXGroup;
			children = (
				2DF35D241EFF8A4900C610C5 /* AppDelegate.swift */,
				2DF35D2D1EFF8A4900C610C5 /* LaunchScreen.storyboard */,
				2DF35D301EFF8A4900C610C5 /* Info.plist */,
			);
			name = SupportingFiles;
			sourceTree = "<group>";
		};
		CEAACD9300B3A6309CD20841 /* Pods */ = {
			isa = PBXGroup;
			children = (
				0D9147CFDC039639CE90BCFD /* Pods-OpenWeather.debug.xcconfig */,
				0BD50F3D1FE9580B428D67AE /* Pods-OpenWeather.release.xcconfig */,
			);
			name = Pods;
			sourceTree = "<group>";
		};
/* End PBXGroup section */

/* Begin PBXNativeTarget section */
		2DF35D201EFF8A4900C610C5 /* OpenWeather */ = {
			isa = PBXNativeTarget;
			buildConfigurationList = 2DF35D331EFF8A4900C610C5 /* Build configuration list for PBXNativeTarget "OpenWeather" */;
			buildPhases = (
				536D6E5DC1BD1F89CCF0E5E0 /* [CP] Check Pods Manifest.lock */,
				2DF35D1D1EFF8A4900C610C5 /* Sources */,
				2DF35D1E1EFF8A4900C610C5 /* Frameworks */,
				2DF35D1F1EFF8A4900C610C5 /* Resources */,
				B1906F9E2298D6DB444E5FCA /* [CP] Embed Pods Frameworks */,
				74DBD1A1B661D73356CBB2F0 /* [CP] Copy Pods Resources */,
			);
			buildRules = (
			);
			dependencies = (
			);
			name = OpenWeather;
			productName = OpenWeather;
			productReference = 2DF35D211EFF8A4900C610C5 /* OpenWeather.app */;
			productType = "com.apple.product-type.application";
		};
/* End PBXNativeTarget section */

/* Begin PBXProject section */
		2DF35D191EFF8A4900C610C5 /* Project object */ = {
			isa = PBXProject;
			attributes = {
				LastSwiftUpdateCheck = 0830;
				LastUpgradeCheck = 0830;
				ORGANIZATIONNAME = "Win-kel";
				TargetAttributes = {
					2DF35D201EFF8A4900C610C5 = {
						CreatedOnToolsVersion = 8.3.3;
						ProvisioningStyle = Automatic;
					};
				};
			};
			buildConfigurationList = 2DF35D1C1EFF8A4900C610C5 /* Build configuration list for PBXProject "OpenWeather" */;
			compatibilityVersion = "Xcode 3.2";
			developmentRegion = English;
			hasScannedForEncodings = 0;
			knownRegions = (
				en,
				Base,
			);
			mainGroup = 2DF35D181EFF8A4900C610C5;
			productRefGroup = 2DF35D221EFF8A4900C610C5 /* Products */;
			projectDirPath = "";
			projectRoot = "";
			targets = (
				2DF35D201EFF8A4900C610C5 /* OpenWeather */,
			);
		};
/* End PBXProject section */

/* Begin PBXResourcesBuildPhase section */
		2DF35D1F1EFF8A4900C610C5 /* Resources */ = {
			isa = PBXResourcesBuildPhase;
			buildActionMask = 2147483647;
			files = (
				2DF35D2F1EFF8A4900C610C5 /* LaunchScreen.storyboard in Resources */,
				2DF35D421F00347300C610C5 /* Dashboard.storyboard in Resources */,
				2DF35D2C1EFF8A4900C610C5 /* Assets.xcassets in Resources */,
			);
			runOnlyForDeploymentPostprocessing = 0;
		};
/* End PBXResourcesBuildPhase section */

/* Begin PBXShellScriptBuildPhase section */
		536D6E5DC1BD1F89CCF0E5E0 /* [CP] Check Pods Manifest.lock */ = {
			isa = PBXShellScriptBuildPhase;
			buildActionMask = 2147483647;
			files = (
			);
			inputPaths = (
			);
			name = "[CP] Check Pods Manifest.lock";
			outputPaths = (
			);
			runOnlyForDeploymentPostprocessing = 0;
			shellPath = /bin/sh;
			shellScript = "diff \"${PODS_PODFILE_DIR_PATH}/Podfile.lock\" \"${PODS_ROOT}/Manifest.lock\" > /dev/null\nif [ $? != 0 ] ; then\n    # print error to STDERR\n    echo \"error: The sandbox is not in sync with the Podfile.lock. Run 'pod install' or update your CocoaPods installation.\" >&2\n    exit 1\nfi\n";
			showEnvVarsInLog = 0;
		};
		74DBD1A1B661D73356CBB2F0 /* [CP] Copy Pods Resources */ = {
			isa = PBXShellScriptBuildPhase;
			buildActionMask = 2147483647;
			files = (
			);
			inputPaths = (
			);
			name = "[CP] Copy Pods Resources";
			outputPaths = (
			);
			runOnlyForDeploymentPostprocessing = 0;
			shellPath = /bin/sh;
			shellScript = "\"${SRCROOT}/Pods/Target Support Files/Pods-OpenWeather/Pods-OpenWeather-resources.sh\"\n";
			showEnvVarsInLog = 0;
		};
		B1906F9E2298D6DB444E5FCA /* [CP] Embed Pods Frameworks */ = {
			isa = PBXShellScriptBuildPhase;
			buildActionMask = 2147483647;
			files = (
			);
			inputPaths = (
			);
			name = "[CP] Embed Pods Frameworks";
			outputPaths = (
			);
			runOnlyForDeploymentPostprocessing = 0;
			shellPath = /bin/sh;
			shellScript = "\"${SRCROOT}/Pods/Target Support Files/Pods-OpenWeather/Pods-OpenWeather-frameworks.sh\"\n";
			showEnvVarsInLog = 0;
		};
/* End PBXShellScriptBuildPhase section */

/* Begin PBXSourcesBuildPhase section */
		2DF35D1D1EFF8A4900C610C5 /* Sources */ = {
			isa = PBXSourcesBuildPhase;
			buildActionMask = 2147483647;
			files = (
				2DF35D3E1F00340C00C610C5 /* WeatherManager.swift in Sources */,
				2DF35D461F0034B200C610C5 /* WeatherForecastController.swift in Sources */,
				2DF35D4C1F003A3D00C610C5 /* Forecast.swift in Sources */,
				2DF35D251EFF8A4900C610C5 /* AppDelegate.swift in Sources */,
				2DF35D441F0034A500C610C5 /* WeatherController.swift in Sources */,
				2DF35D4A1F003A3000C610C5 /* Weather.swift in Sources */,
				2DF35D481F00368D00C610C5 /* ServiceManager.swift in Sources */,
			);
			runOnlyForDeploymentPostprocessing = 0;
		};
/* End PBXSourcesBuildPhase section */

/* Begin PBXVariantGroup section */
		2DF35D2D1EFF8A4900C610C5 /* LaunchScreen.storyboard */ = {
			isa = PBXVariantGroup;
			children = (
				2DF35D2E1EFF8A4900C610C5 /* Base */,
			);
			name = LaunchScreen.storyboard;
			sourceTree = "<group>";
		};
/* End PBXVariantGroup section */

/* Begin XCBuildConfiguration section */
		2DF35D311EFF8A4900C610C5 /* Debug */ = {
			isa = XCBuildConfiguration;
			buildSettings = {
				ALWAYS_SEARCH_USER_PATHS = NO;
				CLANG_ANALYZER_NONNULL = YES;
				CLANG_ANALYZER_NUMBER_OBJECT_CONVERSION = YES_AGGRESSIVE;
				CLANG_CXX_LANGUAGE_STANDARD = "gnu++0x";
				CLANG_CXX_LIBRARY = "libc++";
				CLANG_ENABLE_MODULES = YES;
				CLANG_ENABLE_OBJC_ARC = YES;
				CLANG_WARN_BOOL_CONVERSION = YES;
				CLANG_WARN_CONSTANT_CONVERSION = YES;
				CLANG_WARN_DIRECT_OBJC_ISA_USAGE = YES_ERROR;
				CLANG_WARN_DOCUMENTATION_COMMENTS = YES;
				CLANG_WARN_EMPTY_BODY = YES;
				CLANG_WARN_ENUM_CONVERSION = YES;
				CLANG_WARN_INFINITE_RECURSION = YES;
				CLANG_WARN_INT_CONVERSION = YES;
				CLANG_WARN_OBJC_ROOT_CLASS = YES_ERROR;
				CLANG_WARN_SUSPICIOUS_MOVE = YES;
				CLANG_WARN_UNREACHABLE_CODE = YES;
				CLANG_WARN__DUPLICATE_METHOD_MATCH = YES;
				"CODE_SIGN_IDENTITY[sdk=iphoneos*]" = "iPhone Developer";
				COPY_PHASE_STRIP = NO;
				DEBUG_INFORMATION_FORMAT = dwarf;
				ENABLE_STRICT_OBJC_MSGSEND = YES;
				ENABLE_TESTABILITY = YES;
				GCC_C_LANGUAGE_STANDARD = gnu99;
				GCC_DYNAMIC_NO_PIC = NO;
				GCC_NO_COMMON_BLOCKS = YES;
				GCC_OPTIMIZATION_LEVEL = 0;
				GCC_PREPROCESSOR_DEFINITIONS = (
					"DEBUG=1",
					"$(inherited)",
				);
				GCC_WARN_64_TO_32_BIT_CONVERSION = YES;
				GCC_WARN_ABOUT_RETURN_TYPE = YES_ERROR;
				GCC_WARN_UNDECLARED_SELECTOR = YES;
				GCC_WARN_UNINITIALIZED_AUTOS = YES_AGGRESSIVE;
				GCC_WARN_UNUSED_FUNCTION = YES;
				GCC_WARN_UNUSED_VARIABLE = YES;
				IPHONEOS_DEPLOYMENT_TARGET = 10.3;
				MTL_ENABLE_DEBUG_INFO = YES;
				ONLY_ACTIVE_ARCH = YES;
				SDKROOT = iphoneos;
				SWIFT_ACTIVE_COMPILATION_CONDITIONS = DEBUG;
				SWIFT_OPTIMIZATION_LEVEL = "-Onone";
			};
			name = Debug;
		};
		2DF35D321EFF8A4900C610C5 /* Release */ = {
			isa = XCBuildConfiguration;
			buildSettings = {
				ALWAYS_SEARCH_USER_PATHS = NO;
				CLANG_ANALYZER_NONNULL = YES;
				CLANG_ANALYZER_NUMBER_OBJECT_CONVERSION = YES_AGGRESSIVE;
				CLANG_CXX_LANGUAGE_STANDARD = "gnu++0x";
				CLANG_CXX_LIBRARY = "libc++";
				CLANG_ENABLE_MODULES = YES;
				CLANG_ENABLE_OBJC_ARC = YES;
				CLANG_WARN_BOOL_CONVERSION = YES;
				CLANG_WARN_CONSTANT_CONVERSION = YES;
				CLANG_WARN_DIRECT_OBJC_ISA_USAGE = YES_ERROR;
				CLANG_WARN_DOCUMENTATION_COMMENTS = YES;
				CLANG_WARN_EMPTY_BODY = YES;
				CLANG_WARN_ENUM_CONVERSION = YES;
				CLANG_WARN_INFINITE_RECURSION = YES;
				CLANG_WARN_INT_CONVERSION = YES;
				CLANG_WARN_OBJC_ROOT_CLASS = YES_ERROR;
				CLANG_WARN_SUSPICIOUS_MOVE = YES;
				CLANG_WARN_UNREACHABLE_CODE = YES;
				CLANG_WARN__DUPLICATE_METHOD_MATCH = YES;
				"CODE_SIGN_IDENTITY[sdk=iphoneos*]" = "iPhone Developer";
				COPY_PHASE_STRIP = NO;
				DEBUG_INFORMATION_FORMAT = "dwarf-with-dsym";
				ENABLE_NS_ASSERTIONS = NO;
				ENABLE_STRICT_OBJC_MSGSEND = YES;
				GCC_C_LANGUAGE_STANDARD = gnu99;
				GCC_NO_COMMON_BLOCKS = YES;
				GCC_WARN_64_TO_32_BIT_CONVERSION = YES;
				GCC_WARN_ABOUT_RETURN_TYPE = YES_ERROR;
				GCC_WARN_UNDECLARED_SELECTOR = YES;
				GCC_WARN_UNINITIALIZED_AUTOS = YES_AGGRESSIVE;
				GCC_WARN_UNUSED_FUNCTION = YES;
				GCC_WARN_UNUSED_VARIABLE = YES;
				IPHONEOS_DEPLOYMENT_TARGET = 10.3;
				MTL_ENABLE_DEBUG_INFO = NO;
				SDKROOT = iphoneos;
				SWIFT_OPTIMIZATION_LEVEL = "-Owholemodule";
				VALIDATE_PRODUCT = YES;
			};
			name = Release;
		};
		2DF35D341EFF8A4900C610C5 /* Debug */ = {
			isa = XCBuildConfiguration;
			baseConfigurationReference = 0D9147CFDC039639CE90BCFD /* Pods-OpenWeather.debug.xcconfig */;
			buildSettings = {
				ASSETCATALOG_COMPILER_APPICON_NAME = AppIcon;
				DEVELOPMENT_TEAM = "";
				INFOPLIST_FILE = OpenWeather/Info.plist;
				IPHONEOS_DEPLOYMENT_TARGET = 9.0;
				LD_RUNPATH_SEARCH_PATHS = "$(inherited) @executable_path/Frameworks";
				PRODUCT_BUNDLE_IDENTIFIER = "com.Win-kel.openWeather.OpenWeather";
				PRODUCT_NAME = "$(TARGET_NAME)";
				SWIFT_VERSION = 3.0;
			};
			name = Debug;
		};
		2DF35D351EFF8A4900C610C5 /* Release */ = {
			isa = XCBuildConfiguration;
			baseConfigurationReference = 0BD50F3D1FE9580B428D67AE /* Pods-OpenWeather.release.xcconfig */;
			buildSettings = {
				ASSETCATALOG_COMPILER_APPICON_NAME = AppIcon;
				DEVELOPMENT_TEAM = "";
				INFOPLIST_FILE = OpenWeather/Info.plist;
				IPHONEOS_DEPLOYMENT_TARGET = 9.0;
				LD_RUNPATH_SEARCH_PATHS = "$(inherited) @executable_path/Frameworks";
				PRODUCT_BUNDLE_IDENTIFIER = "com.Win-kel.openWeather.OpenWeather";
				PRODUCT_NAME = "$(TARGET_NAME)";
				SWIFT_VERSION = 3.0;
			};
			name = Release;
		};
/* End XCBuildConfiguration section */

/* Begin XCConfigurationList section */
		2DF35D1C1EFF8A4900C610C5 /* Build configuration list for PBXProject "OpenWeather" */ = {
			isa = XCConfigurationList;
			buildConfigurations = (
				2DF35D311EFF8A4900C610C5 /* Debug */,
				2DF35D321EFF8A4900C610C5 /* Release */,
			);
			defaultConfigurationIsVisible = 0;
			defaultConfigurationName = Release;
		};
		2DF35D331EFF8A4900C610C5 /* Build configuration list for PBXNativeTarget "OpenWeather" */ = {
			isa = XCConfigurationList;
			buildConfigurations = (
				2DF35D341EFF8A4900C610C5 /* Debug */,
				2DF35D351EFF8A4900C610C5 /* Release */,
			);
			defaultConfigurationIsVisible = 0;
			defaultConfigurationName = Release;
		};
/* End XCConfigurationList section */
	};
	rootObject = 2DF35D191EFF8A4900C610C5 /* Project object */;
}
